
Microsoft Visual Studio Solution File, Format Version 12.00
# Visual Studio Version 17
VisualStudioVersion = 17.9.34723.18
MinimumVisualStudioVersion = 10.0.40219.1
Project("{FAE04EC0-301F-11D3-BF4B-00C04F79EFBC}") = "modul3", "modul3\modul3.csproj", "{0A9882FD-DCB0-4A9B-86C5-D052AC01108A}"
EndProject
Global
	GlobalSection(SolutionConfigurationPlatforms) = preSolution
		Debug|Any CPU = Debug|Any CPU
		Release|Any CPU = Release|Any CPU
	EndGlobalSection
	GlobalSection(ProjectConfigurationPlatforms) = postSolution
		{0A9882FD-DCB0-4A9B-86C5-D052AC01108A}.Debug|Any CPU.ActiveCfg = Debug|Any CPU
		{0A9882FD-DCB0-4A9B-86C5-D052AC01108A}.Debug|Any CPU.Build.0 = Debug|Any CPU
		{0A9882FD-DCB0-4A9B-86C5-D052AC01108A}.Release|Any CPU.ActiveCfg = Release|Any CPU
		{0A9882FD-DCB0-4A9B-86C5-D052AC01108A}.Release|Any CPU.Build.0 = Release|Any CPU
	EndGlobalSection
	GlobalSection(SolutionProperties) = preSolution
		HideSolutionNode = FALSE
	EndGlobalSection
	GlobalSection(ExtensibilityGlobals) = postSolution
		SolutionGuid = {384C3C6D-084B-43FF-8A0F-A5B53935827E}
	EndGlobalSection
EndGlobal
